
Microsoft Visual Studio Solution File, Format Version 12.00
# Visual Studio Version 17
VisualStudioVersion = 17.5.002.0
MinimumVisualStudioVersion = 10.0.40219.1
Project("{9A19103F-16F7-4668-BE54-9A1E7A4F7556}") = "Assignment3Starter", "Assignment3Starter.csproj", "{03D00C51-9ABE-4437-B30A-A6CEAEB4447C}"
EndProject
Global
	GlobalSection(SolutionConfigurationPlatforms) = preSolution
		Debug|Any CPU = Debug|Any CPU
		Release|Any CPU = Release|Any CPU
	EndGlobalSection
	GlobalSection(ProjectConfigurationPlatforms) = postSolution
		{03D00C51-9ABE-4437-B30A-A6CEAEB4447C}.Debug|Any CPU.ActiveCfg = Debug|Any CPU
		{03D00C51-9ABE-4437-B30A-A6CEAEB4447C}.Debug|Any CPU.Build.0 = Debug|Any CPU
		{03D00C51-9ABE-4437-B30A-A6CEAEB4447C}.Release|Any CPU.ActiveCfg = Release|Any CPU
		{03D00C51-9ABE-4437-B30A-A6CEAEB4447C}.Release|Any CPU.Build.0 = Release|Any CPU
	EndGlobalSection
	GlobalSection(SolutionProperties) = preSolution
		HideSolutionNode = FALSE
	EndGlobalSection
	GlobalSection(ExtensibilityGlobals) = postSolution
		SolutionGuid = {C6C9FBA3-4A36-47B9-9050-314C2D353677}
	EndGlobalSection
EndGlobal
